
Microsoft Visual Studio Solution File, Format Version 12.00
# Visual Studio Version 17
VisualStudioVersion = 17.7.34024.191
MinimumVisualStudioVersion = 10.0.40219.1
Project("{FAE04EC0-301F-11D3-BF4B-00C04F79EFBC}") = "GithubEx", "GithubEx\GithubEx.csproj", "{E97935E5-09D9-47A9-9596-547512DF1F10}"
EndProject
Global
	GlobalSection(SolutionConfigurationPlatforms) = preSolution
		Debug|Any CPU = Debug|Any CPU
		Release|Any CPU = Release|Any CPU
	EndGlobalSection
	GlobalSection(ProjectConfigurationPlatforms) = postSolution
		{E97935E5-09D9-47A9-9596-547512DF1F10}.Debug|Any CPU.ActiveCfg = Debug|Any CPU
		{E97935E5-09D9-47A9-9596-547512DF1F10}.Debug|Any CPU.Build.0 = Debug|Any CPU
		{E97935E5-09D9-47A9-9596-547512DF1F10}.Release|Any CPU.ActiveCfg = Release|Any CPU
		{E97935E5-09D9-47A9-9596-547512DF1F10}.Release|Any CPU.Build.0 = Release|Any CPU
	EndGlobalSection
	GlobalSection(SolutionProperties) = preSolution
		HideSolutionNode = FALSE
	EndGlobalSection
	GlobalSection(ExtensibilityGlobals) = postSolution
		SolutionGuid = {BADD2941-065B-4DC2-BB47-BD03BFA3A8B0}
	EndGlobalSection
EndGlobal
